
Microsoft Visual Studio Solution File, Format Version 12.00
# Visual Studio 15
VisualStudioVersion = 15.0.27130.2036
MinimumVisualStudioVersion = 10.0.40219.1
Project("{FAE04EC0-301F-11D3-BF4B-00C04F79EFBC}") = "ProjetFinalProgModulaire", "ProjetFinalProgModulaire\ProjetFinalProgModulaire.csproj", "{8EA7F999-4A3F-420B-8CAA-28CB38D9B134}"
EndProject
Project("{FAE04EC0-301F-11D3-BF4B-00C04F79EFBC}") = "Game.Library", "Game.Library\Game.Library.csproj", "{895B24EF-D7FC-4825-88A4-B1034F84476A}"
EndProject
Project("{FAE04EC0-301F-11D3-BF4B-00C04F79EFBC}") = "TestConsoleJeu", "TestConsoleJeu\TestConsoleJeu.csproj", "{D022E800-5977-4186-BD31-85AD7C419521}"
EndProject
Project("{FAE04EC0-301F-11D3-BF4B-00C04F79EFBC}") = "AffichageJoueur", "AffichageJoueur\AffichageJoueur.csproj", "{B8EC6EF5-5AAC-4A36-A7EC-73F1AA03ECA9}"
EndProject
Global
	GlobalSection(SolutionConfigurationPlatforms) = preSolution
		Debug|Any CPU = Debug|Any CPU
		Release|Any CPU = Release|Any CPU
	EndGlobalSection
	GlobalSection(ProjectConfigurationPlatforms) = postSolution
		{8EA7F999-4A3F-420B-8CAA-28CB38D9B134}.Debug|Any CPU.ActiveCfg = Debug|Any CPU
		{8EA7F999-4A3F-420B-8CAA-28CB38D9B134}.Debug|Any CPU.Build.0 = Debug|Any CPU
		{8EA7F999-4A3F-420B-8CAA-28CB38D9B134}.Release|Any CPU.ActiveCfg = Release|Any CPU
		{8EA7F999-4A3F-420B-8CAA-28CB38D9B134}.Release|Any CPU.Build.0 = Release|Any CPU
		{895B24EF-D7FC-4825-88A4-B1034F84476A}.Debug|Any CPU.ActiveCfg = Debug|Any CPU
		{895B24EF-D7FC-4825-88A4-B1034F84476A}.Debug|Any CPU.Build.0 = Debug|Any CPU
		{895B24EF-D7FC-4825-88A4-B1034F84476A}.Release|Any CPU.ActiveCfg = Release|Any CPU
		{895B24EF-D7FC-4825-88A4-B1034F84476A}.Release|Any CPU.Build.0 = Release|Any CPU
		{D022E800-5977-4186-BD31-85AD7C419521}.Debug|Any CPU.ActiveCfg = Debug|Any CPU
		{D022E800-5977-4186-BD31-85AD7C419521}.Debug|Any CPU.Build.0 = Debug|Any CPU
		{D022E800-5977-4186-BD31-85AD7C419521}.Release|Any CPU.ActiveCfg = Release|Any CPU
		{D022E800-5977-4186-BD31-85AD7C419521}.Release|Any CPU.Build.0 = Release|Any CPU
		{B8EC6EF5-5AAC-4A36-A7EC-73F1AA03ECA9}.Debug|Any CPU.ActiveCfg = Debug|Any CPU
		{B8EC6EF5-5AAC-4A36-A7EC-73F1AA03ECA9}.Debug|Any CPU.Build.0 = Debug|Any CPU
		{B8EC6EF5-5AAC-4A36-A7EC-73F1AA03ECA9}.Release|Any CPU.ActiveCfg = Release|Any CPU
		{B8EC6EF5-5AAC-4A36-A7EC-73F1AA03ECA9}.Release|Any CPU.Build.0 = Release|Any CPU
	EndGlobalSection
	GlobalSection(SolutionProperties) = preSolution
		HideSolutionNode = FALSE
	EndGlobalSection
	GlobalSection(ExtensibilityGlobals) = postSolution
		SolutionGuid = {3195F881-2591-4163-ADB3-99582F6CE4FB}
	EndGlobalSection
EndGlobal
